
Microsoft Visual Studio Solution File, Format Version 12.00
# Visual Studio Version 17
VisualStudioVersion = 17.2.32526.322
MinimumVisualStudioVersion = 10.0.40219.1
Project("{FAE04EC0-301F-11D3-BF4B-00C04F79EFBC}") = "GroupUsers", "GroupUsers.csproj", "{1D6E2CB2-786D-4C8D-8F35-B1DDCDEE76D0}"
EndProject
Global
	GlobalSection(SolutionConfigurationPlatforms) = preSolution
		Debug|Any CPU = Debug|Any CPU
		Release|Any CPU = Release|Any CPU
	EndGlobalSection
	GlobalSection(ProjectConfigurationPlatforms) = postSolution
		{1D6E2CB2-786D-4C8D-8F35-B1DDCDEE76D0}.Debug|Any CPU.ActiveCfg = Debug|Any CPU
		{1D6E2CB2-786D-4C8D-8F35-B1DDCDEE76D0}.Debug|Any CPU.Build.0 = Debug|Any CPU
		{1D6E2CB2-786D-4C8D-8F35-B1DDCDEE76D0}.Release|Any CPU.ActiveCfg = Release|Any CPU
		{1D6E2CB2-786D-4C8D-8F35-B1DDCDEE76D0}.Release|Any CPU.Build.0 = Release|Any CPU
	EndGlobalSection
	GlobalSection(SolutionProperties) = preSolution
		HideSolutionNode = FALSE
	EndGlobalSection
	GlobalSection(ExtensibilityGlobals) = postSolution
		SolutionGuid = {D116CA33-4340-4D7F-A8E1-3AC1364E1798}
	EndGlobalSection
EndGlobal
